// !$*UTF8*$!
{
	archiveVersion = 1;
	classes = {
	};
	objectVersion = 46;
	objects = {

/* Begin PBXBuildFile section */
		7901BAB11D06E35B00944D28 /* CBNavigationController.swift in Sources */ = {isa = PBXBuildFile; fileRef = 7901BAB01D06E35B00944D28 /* CBNavigationController.swift */; };
		793B40921D055E5600785AA8 /* KLTheme.swift in Sources */ = {isa = PBXBuildFile; fileRef = 793B40911D055E5600785AA8 /* KLTheme.swift */; };
		79B70EA61D07341B0085826E /* NewsDetailViewController.swift in Sources */ = {isa = PBXBuildFile; fileRef = 79B70EA51D07341B0085826E /* NewsDetailViewController.swift */; };
		79E092841D0205660097FDA6 /* AppDelegate.swift in Sources */ = {isa = PBXBuildFile; fileRef = 79E092831D0205660097FDA6 /* AppDelegate.swift */; };
		79E092861D0205660097FDA6 /* ViewController.swift in Sources */ = {isa = PBXBuildFile; fileRef = 79E092851D0205660097FDA6 /* ViewController.swift */; };
		79E0928B1D0205660097FDA6 /* Assets.xcassets in Resources */ = {isa = PBXBuildFile; fileRef = 79E0928A1D0205660097FDA6 /* Assets.xcassets */; };
		79E0929A1D0279460097FDA6 /* Utils.swift in Sources */ = {isa = PBXBuildFile; fileRef = 79E092991D0279460097FDA6 /* Utils.swift */; };
		79E0929D1D0279670097FDA6 /* ServerManager.swift in Sources */ = {isa = PBXBuildFile; fileRef = 79E0929C1D0279670097FDA6 /* ServerManager.swift */; };
		79E092A21D02E5460097FDA6 /* CBNews.swift in Sources */ = {isa = PBXBuildFile; fileRef = 79E092A11D02E5460097FDA6 /* CBNews.swift */; };
		79E092A41D02F14A0097FDA6 /* CBNewsDetail.swift in Sources */ = {isa = PBXBuildFile; fileRef = 79E092A31D02F14A0097FDA6 /* CBNewsDetail.swift */; };
		79E092A71D0325E40097FDA6 /* NewsCell.swift in Sources */ = {isa = PBXBuildFile; fileRef = 79E092A61D0325E40097FDA6 /* NewsCell.swift */; };
		79E092AA1D0330A10097FDA6 /* UIImageViewExtension.swift in Sources */ = {isa = PBXBuildFile; fileRef = 79E092A91D0330A10097FDA6 /* UIImageViewExtension.swift */; };
/* End PBXBuildFile section */

/* Begin PBXFileReference section */
		7901BAB01D06E35B00944D28 /* CBNavigationController.swift */ = {isa = PBXFileReference; fileEncoding = 4; lastKnownFileType = sourcecode.swift; path = CBNavigationController.swift; sourceTree = "<group>"; };
		793B40911D055E5600785AA8 /* KLTheme.swift */ = {isa = PBXFileReference; fileEncoding = 4; lastKnownFileType = sourcecode.swift; path = KLTheme.swift; sourceTree = "<group>"; };
		79B70EA51D07341B0085826E /* NewsDetailViewController.swift */ = {isa = PBXFileReference; fileEncoding = 4; lastKnownFileType = sourcecode.swift; path = NewsDetailViewController.swift; sourceTree = "<group>"; };
		79E092801D0205660097FDA6 /* CBPulse.app */ = {isa = PBXFileReference; explicitFileType = wrapper.application; includeInIndex = 0; path = CBPulse.app; sourceTree = BUILT_PRODUCTS_DIR; };
		79E092831D0205660097FDA6 /* AppDelegate.swift */ = {isa = PBXFileReference; lastKnownFileType = sourcecode.swift; path = AppDelegate.swift; sourceTree = "<group>"; };
		79E092851D0205660097FDA6 /* ViewController.swift */ = {isa = PBXFileReference; lastKnownFileType = sourcecode.swift; path = ViewController.swift; sourceTree = "<group>"; };
		79E0928A1D0205660097FDA6 /* Assets.xcassets */ = {isa = PBXFileReference; lastKnownFileType = folder.assetcatalog; path = Assets.xcassets; sourceTree = "<group>"; };
		79E0928F1D0205660097FDA6 /* Info.plist */ = {isa = PBXFileReference; lastKnownFileType = text.plist.xml; path = Info.plist; sourceTree = "<group>"; };
		79E092991D0279460097FDA6 /* Utils.swift */ = {isa = PBXFileReference; fileEncoding = 4; lastKnownFileType = sourcecode.swift; path = Utils.swift; sourceTree = "<group>"; };
		79E0929C1D0279670097FDA6 /* ServerManager.swift */ = {isa = PBXFileReference; fileEncoding = 4; lastKnownFileType = sourcecode.swift; path = ServerManager.swift; sourceTree = "<group>"; };
		79E0929F1D02CB4A0097FDA6 /* BridgeHeader.h */ = {isa = PBXFileReference; lastKnownFileType = sourcecode.c.h; path = BridgeHeader.h; sourceTree = "<group>"; };
		79E092A11D02E5460097FDA6 /* CBNews.swift */ = {isa = PBXFileReference; fileEncoding = 4; lastKnownFileType = sourcecode.swift; path = CBNews.swift; sourceTree = "<group>"; };
		79E092A31D02F14A0097FDA6 /* CBNewsDetail.swift */ = {isa = PBXFileReference; fileEncoding = 4; lastKnownFileType = sourcecode.swift; path = CBNewsDetail.swift; sourceTree = "<group>"; };
		79E092A61D0325E40097FDA6 /* NewsCell.swift */ = {isa = PBXFileReference; fileEncoding = 4; lastKnownFileType = sourcecode.swift; path = NewsCell.swift; sourceTree = "<group>"; };
		79E092A91D0330A10097FDA6 /* UIImageViewExtension.swift */ = {isa = PBXFileReference; fileEncoding = 4; lastKnownFileType = sourcecode.swift; path = UIImageViewExtension.swift; sourceTree = "<group>"; };
/* End PBXFileReference section */

/* Begin PBXFrameworksBuildPhase section */
		79E0927D1D0205660097FDA6 /* Frameworks */ = {
			isa = PBXFrameworksBuildPhase;
			buildActionMask = 2147483647;
			files = (
			);
			runOnlyForDeploymentPostprocessing = 0;
		};
/* End PBXFrameworksBuildPhase section */

/* Begin PBXGroup section */
		7901BAAF1D06E33C00944D28 /* ViewControllers */ = {
			isa = PBXGroup;
			children = (
				7901BAB01D06E35B00944D28 /* CBNavigationController.swift */,
				79B70EA51D07341B0085826E /* NewsDetailViewController.swift */,
			);
			path = ViewControllers;
			sourceTree = "<group>";
		};
		79E092771D0205660097FDA6 = {
			isa = PBXGroup;
			children = (
				79E092821D0205660097FDA6 /* CBPulse */,
				79E092811D0205660097FDA6 /* Products */,
			);
			sourceTree = "<group>";
		};
		79E092811D0205660097FDA6 /* Products */ = {
			isa = PBXGroup;
			children = (
				79E092801D0205660097FDA6 /* CBPulse.app */,
			);
			name = Products;
			sourceTree = "<group>";
		};
		79E092821D0205660097FDA6 /* CBPulse */ = {
			isa = PBXGroup;
			children = (
				7901BAAF1D06E33C00944D28 /* ViewControllers */,
				79E092A51D0325C80097FDA6 /* Cells */,
				79E092A01D02E50A0097FDA6 /* Modules */,
				79E0929E1D02CAC00097FDA6 /* BridgeHeaders */,
				79E092981D0279210097FDA6 /* MainFunctions */,
				79E092831D0205660097FDA6 /* AppDelegate.swift */,
				79E092851D0205660097FDA6 /* ViewController.swift */,
				79E0928A1D0205660097FDA6 /* Assets.xcassets */,
				79E0928F1D0205660097FDA6 /* Info.plist */,
			);
			path = CBPulse;
			sourceTree = "<group>";
		};
		79E092981D0279210097FDA6 /* MainFunctions */ = {
			isa = PBXGroup;
			children = (
				79E092A81D03306E0097FDA6 /* UIExtension */,
				79E0929B1D02794C0097FDA6 /* Networking */,
				79E092991D0279460097FDA6 /* Utils.swift */,
			);
			path = MainFunctions;
			sourceTree = "<group>";
		};
		79E0929B1D02794C0097FDA6 /* Networking */ = {
			isa = PBXGroup;
			children = (
				79E0929C1D0279670097FDA6 /* ServerManager.swift */,
			);
			path = Networking;
			sourceTree = "<group>";
		};
		79E0929E1D02CAC00097FDA6 /* BridgeHeaders */ = {
			isa = PBXGroup;
			children = (
				79E0929F1D02CB4A0097FDA6 /* BridgeHeader.h */,
			);
			path = BridgeHeaders;
			sourceTree = "<group>";
		};
		79E092A01D02E50A0097FDA6 /* Modules */ = {
			isa = PBXGroup;
			children = (
				79E092A11D02E5460097FDA6 /* CBNews.swift */,
				79E092A31D02F14A0097FDA6 /* CBNewsDetail.swift */,
			);
			path = Modules;
			sourceTree = "<group>";
		};
		79E092A51D0325C80097FDA6 /* Cells */ = {
			isa = PBXGroup;
			children = (
				79E092A61D0325E40097FDA6 /* NewsCell.swift */,
			);
			path = Cells;
			sourceTree = "<group>";
		};
		79E092A81D03306E0097FDA6 /* UIExtension */ = {
			isa = PBXGroup;
			children = (
				79E092A91D0330A10097FDA6 /* UIImageViewExtension.swift */,
				793B40911D055E5600785AA8 /* KLTheme.swift */,
			);
			path = UIExtension;
			sourceTree = "<group>";
		};
/* End PBXGroup section */

/* Begin PBXNativeTarget section */
		79E0927F1D0205660097FDA6 /* CBPulse */ = {
			isa = PBXNativeTarget;
			buildConfigurationList = 79E092921D0205660097FDA6 /* Build configuration list for PBXNativeTarget "CBPulse" */;
			buildPhases = (
				79E0927C1D0205660097FDA6 /* Sources */,
				79E0927D1D0205660097FDA6 /* Frameworks */,
				79E0927E1D0205660097FDA6 /* Resources */,
			);
			buildRules = (
			);
			dependencies = (
			);
			name = CBPulse;
			productName = CBPulse;
			productReference = 79E092801D0205660097FDA6 /* CBPulse.app */;
			productType = "com.apple.product-type.application";
		};
/* End PBXNativeTarget section */

/* Begin PBXProject section */
		79E092781D0205660097FDA6 /* Project object */ = {
			isa = PBXProject;
			attributes = {
				LastSwiftUpdateCheck = 0730;
				LastUpgradeCheck = 0800;
				ORGANIZATIONNAME = "R3 Studio";
				TargetAttributes = {
					79E0927F1D0205660097FDA6 = {
						CreatedOnToolsVersion = 7.3.1;
						DevelopmentTeam = N5KQ5BF27M;
						LastSwiftMigration = 0800;
					};
				};
			};
			buildConfigurationList = 79E0927B1D0205660097FDA6 /* Build configuration list for PBXProject "CBPulse" */;
			compatibilityVersion = "Xcode 3.2";
			developmentRegion = English;
			hasScannedForEncodings = 0;
			knownRegions = (
				en,
				Base,
			);
			mainGroup = 79E092771D0205660097FDA6;
			productRefGroup = 79E092811D0205660097FDA6 /* Products */;
			projectDirPath = "";
			projectRoot = "";
			targets = (
				79E0927F1D0205660097FDA6 /* CBPulse */,
			);
		};
/* End PBXProject section */

/* Begin PBXResourcesBuildPhase section */
		79E0927E1D0205660097FDA6 /* Resources */ = {
			isa = PBXResourcesBuildPhase;
			buildActionMask = 2147483647;
			files = (
				79E0928B1D0205660097FDA6 /* Assets.xcassets in Resources */,
			);
			runOnlyForDeploymentPostprocessing = 0;
		};
/* End PBXResourcesBuildPhase section */

/* Begin PBXSourcesBuildPhase section */
		79E0927C1D0205660097FDA6 /* Sources */ = {
			isa = PBXSourcesBuildPhase;
			buildActionMask = 2147483647;
			files = (
				7901BAB11D06E35B00944D28 /* CBNavigationController.swift in Sources */,
				79E092A21D02E5460097FDA6 /* CBNews.swift in Sources */,
				79E0929D1D0279670097FDA6 /* ServerManager.swift in Sources */,
				79E092861D0205660097FDA6 /* ViewController.swift in Sources */,
				79E092A71D0325E40097FDA6 /* NewsCell.swift in Sources */,
				79E092841D0205660097FDA6 /* AppDelegate.swift in Sources */,
				79B70EA61D07341B0085826E /* NewsDetailViewController.swift in Sources */,
				79E092A41D02F14A0097FDA6 /* CBNewsDetail.swift in Sources */,
				793B40921D055E5600785AA8 /* KLTheme.swift in Sources */,
				79E092AA1D0330A10097FDA6 /* UIImageViewExtension.swift in Sources */,
				79E0929A1D0279460097FDA6 /* Utils.swift in Sources */,
			);
			runOnlyForDeploymentPostprocessing = 0;
		};
/* End PBXSourcesBuildPhase section */

/* Begin XCBuildConfiguration section */
		79E092901D0205660097FDA6 /* Debug */ = {
			isa = XCBuildConfiguration;
			buildSettings = {
				ALWAYS_SEARCH_USER_PATHS = NO;
				CLANG_ANALYZER_NONNULL = YES;
				CLANG_CXX_LANGUAGE_STANDARD = "gnu++0x";
				CLANG_CXX_LIBRARY = "libc++";
				CLANG_ENABLE_MODULES = YES;
				CLANG_ENABLE_OBJC_ARC = YES;
				CLANG_WARN_BOOL_CONVERSION = YES;
				CLANG_WARN_CONSTANT_CONVERSION = YES;
				CLANG_WARN_DIRECT_OBJC_ISA_USAGE = YES_ERROR;
				CLANG_WARN_EMPTY_BODY = YES;
				CLANG_WARN_ENUM_CONVERSION = YES;
				CLANG_WARN_INFINITE_RECURSION = YES;
				CLANG_WARN_INT_CONVERSION = YES;
				CLANG_WARN_OBJC_ROOT_CLASS = YES_ERROR;
				CLANG_WARN_SUSPICIOUS_MOVE = YES;
				CLANG_WARN_UNREACHABLE_CODE = YES;
				CLANG_WARN__DUPLICATE_METHOD_MATCH = YES;
				"CODE_SIGN_IDENTITY[sdk=iphoneos*]" = "iPhone Developer";
				COPY_PHASE_STRIP = NO;
				DEBUG_INFORMATION_FORMAT = dwarf;
				ENABLE_STRICT_OBJC_MSGSEND = YES;
				ENABLE_TESTABILITY = YES;
				GCC_C_LANGUAGE_STANDARD = gnu99;
				GCC_DYNAMIC_NO_PIC = NO;
				GCC_NO_COMMON_BLOCKS = YES;
				GCC_OPTIMIZATION_LEVEL = 0;
				GCC_PREPROCESSOR_DEFINITIONS = (
					"DEBUG=1",
					"$(inherited)",
				);
				GCC_WARN_64_TO_32_BIT_CONVERSION = YES;
				GCC_WARN_ABOUT_RETURN_TYPE = YES_ERROR;
				GCC_WARN_UNDECLARED_SELECTOR = YES;
				GCC_WARN_UNINITIALIZED_AUTOS = YES_AGGRESSIVE;
				GCC_WARN_UNUSED_FUNCTION = YES;
				GCC_WARN_UNUSED_VARIABLE = YES;
				IPHONEOS_DEPLOYMENT_TARGET = 9.3;
				MTL_ENABLE_DEBUG_INFO = YES;
				ONLY_ACTIVE_ARCH = YES;
				SDKROOT = iphoneos;
				SWIFT_OPTIMIZATION_LEVEL = "-Onone";
			};
			name = Debug;
		};
		79E092911D0205660097FDA6 /* Release */ = {
			isa = XCBuildConfiguration;
			buildSettings = {
				ALWAYS_SEARCH_USER_PATHS = NO;
				CLANG_ANALYZER_NONNULL = YES;
				CLANG_CXX_LANGUAGE_STANDARD = "gnu++0x";
				CLANG_CXX_LIBRARY = "libc++";
				CLANG_ENABLE_MODULES = YES;
				CLANG_ENABLE_OBJC_ARC = YES;
				CLANG_WARN_BOOL_CONVERSION = YES;
				CLANG_WARN_CONSTANT_CONVERSION = YES;
				CLANG_WARN_DIRECT_OBJC_ISA_USAGE = YES_ERROR;
				CLANG_WARN_EMPTY_BODY = YES;
				CLANG_WARN_ENUM_CONVERSION = YES;
				CLANG_WARN_INFINITE_RECURSION = YES;
				CLANG_WARN_INT_CONVERSION = YES;
				CLANG_WARN_OBJC_ROOT_CLASS = YES_ERROR;
				CLANG_WARN_SUSPICIOUS_MOVE = YES;
				CLANG_WARN_UNREACHABLE_CODE = YES;
				CLANG_WARN__DUPLICATE_METHOD_MATCH = YES;
				"CODE_SIGN_IDENTITY[sdk=iphoneos*]" = "iPhone Developer";
				COPY_PHASE_STRIP = NO;
				DEBUG_INFORMATION_FORMAT = "dwarf-with-dsym";
				ENABLE_NS_ASSERTIONS = NO;
				ENABLE_STRICT_OBJC_MSGSEND = YES;
				GCC_C_LANGUAGE_STANDARD = gnu99;
				GCC_NO_COMMON_BLOCKS = YES;
				GCC_WARN_64_TO_32_BIT_CONVERSION = YES;
				GCC_WARN_ABOUT_RETURN_TYPE = YES_ERROR;
				GCC_WARN_UNDECLARED_SELECTOR = YES;
				GCC_WARN_UNINITIALIZED_AUTOS = YES_AGGRESSIVE;
				GCC_WARN_UNUSED_FUNCTION = YES;
				GCC_WARN_UNUSED_VARIABLE = YES;
				IPHONEOS_DEPLOYMENT_TARGET = 9.3;
				MTL_ENABLE_DEBUG_INFO = NO;
				SDKROOT = iphoneos;
				SWIFT_OPTIMIZATION_LEVEL = "-Owholemodule";
				VALIDATE_PRODUCT = YES;
			};
			name = Release;
		};
		79E092931D0205660097FDA6 /* Debug */ = {
			isa = XCBuildConfiguration;
			buildSettings = {
				ASSETCATALOG_COMPILER_APPICON_NAME = AppIcon;
				ASSETCATALOG_COMPILER_LAUNCHIMAGE_NAME = "Brand Assets";
				DEVELOPMENT_TEAM = N5KQ5BF27M;
				GCC_PRECOMPILE_PREFIX_HEADER = NO;
				GCC_PREFIX_HEADER = "";
				INFOPLIST_FILE = CBPulse/Info.plist;
				LD_RUNPATH_SEARCH_PATHS = "$(inherited) @executable_path/Frameworks";
				PRODUCT_BUNDLE_IDENTIFIER = R3.Studio.CBPulse;
				PRODUCT_NAME = "$(TARGET_NAME)";
				SWIFT_OBJC_BRIDGING_HEADER = CBPulse/BridgeHeaders/BridgeHeader.h;
				SWIFT_VERSION = 3.0;
			};
			name = Debug;
		};
		79E092941D0205660097FDA6 /* Release */ = {
			isa = XCBuildConfiguration;
			buildSettings = {
				ASSETCATALOG_COMPILER_APPICON_NAME = AppIcon;
				ASSETCATALOG_COMPILER_LAUNCHIMAGE_NAME = "Brand Assets";
				DEVELOPMENT_TEAM = N5KQ5BF27M;
				GCC_PRECOMPILE_PREFIX_HEADER = NO;
				GCC_PREFIX_HEADER = "";
				INFOPLIST_FILE = CBPulse/Info.plist;
				LD_RUNPATH_SEARCH_PATHS = "$(inherited) @executable_path/Frameworks";
				PRODUCT_BUNDLE_IDENTIFIER = R3.Studio.CBPulse;
				PRODUCT_NAME = "$(TARGET_NAME)";
				SWIFT_OBJC_BRIDGING_HEADER = CBPulse/BridgeHeaders/BridgeHeader.h;
				SWIFT_VERSION = 3.0;
			};
			name = Release;
		};
/* End XCBuildConfiguration section */

/* Begin XCConfigurationList section */
		79E0927B1D0205660097FDA6 /* Build configuration list for PBXProject "CBPulse" */ = {
			isa = XCConfigurationList;
			buildConfigurations = (
				79E092901D0205660097FDA6 /* Debug */,
				79E092911D0205660097FDA6 /* Release */,
			);
			defaultConfigurationIsVisible = 0;
			defaultConfigurationName = Release;
		};
		79E092921D0205660097FDA6 /* Build configuration list for PBXNativeTarget "CBPulse" */ = {
			isa = XCConfigurationList;
			buildConfigurations = (
				79E092931D0205660097FDA6 /* Debug */,
				79E092941D0205660097FDA6 /* Release */,
			);
			defaultConfigurationIsVisible = 0;
			defaultConfigurationName = Release;
		};
/* End XCConfigurationList section */
	};
	rootObject = 79E092781D0205660097FDA6 /* Project object */;
}
